# This file is automatically @generated by Cargo.
# It is not intended for manual editing.
version = 4

[[package]]
name = "audio_engine"
version = "0.1.0"
dependencies = [
 "common",
 "sdl3",
]

[[package]]
name = "blake3"
version = "1.0.0"

[[package]]
name = "cc"
version = "1.2.66"
source = "registry+https://github.com/rust-lang/crates.io-index"
checksum = "f5d6cac793997bd970000024b2934968efe83b382de4fdcf4fcb46b6ee4ad996"
dependencies = [
 "find-msvc-tools",
 "shlex",
]

[[package]]
name = "cmake"
version = "0.1.58"
source = "registry+https://github.com/rust-lang/crates.io-index"
checksum = "c0f78a02292a74a88ac736019ab962ece0bc380e3f977bf72e376c5d78ff0678"
dependencies = [
 "cc",
]

[[package]]
name = "common"
version = "0.1.0"

[[package]]
name = "cpu"
version = "0.1.0"
dependencies = [
 "common",
 "softfloat",
 "zlib-rs",
]

[[package]]
name = "create_font"
version = "0.1.0"

[[package]]
name = "device"
version = "0.1.0"
dependencies = [
 "common",
 "munt_oxide",
 "nuked_sc55_oxide",
 "resampler",
 "ymfm_oxide",
]

[[package]]
name = "dos"
version = "0.1.0"
dependencies = [
 "blake3",
 "common",
 "cpu",
 "device",
 "machine",
]

[[package]]
name = "find-msvc-tools"
version = "0.1.9"
source = "registry+https://github.com/rust-lang/crates.io-index"
checksum = "5baebc0774151f905a1a2cc41989300b1e6fbb29aff0ceffa1064fdd3088d582"

[[package]]
name = "machine"
version = "0.1.0"
dependencies = [
 "blake3",
 "common",
 "cpu",
 "device",
 "dos",
 "resampler",
 "software_renderer",
]

[[package]]
name = "machine60"
version = "0.1.0"
dependencies = [
 "blake3",
 "common",
 "cpu",
 "device",
 "software_renderer",
]

[[package]]
name = "machine88"
version = "0.1.0"
dependencies = [
 "blake3",
 "common",
 "cpu",
 "device",
 "software_renderer",
]

[[package]]
name = "machine88va"
version = "0.1.0"
dependencies = [
 "blake3",
 "common",
 "cpu",
 "device",
 "software_renderer",
]

[[package]]
name = "machinefm7"
version = "0.1.0"
dependencies = [
 "blake3",
 "common",
 "cpu",
 "device",
 "software_renderer",
]

[[package]]
name = "machinetowns"
version = "0.1.0"
dependencies = [
 "blake3",
 "common",
 "cpu",
 "device",
 "software_renderer",
]

[[package]]
name = "machinex1"
version = "0.1.0"
dependencies = [
 "blake3",
 "common",
 "cpu",
 "device",
 "software_renderer",
]

[[package]]
name = "munt_oxide"
version = "0.1.0"
dependencies = [
 "blake3",
 "common",
 "resampler",
]

[[package]]
name = "neetan"
version = "2026.7.0"
dependencies = [
 "audio_engine",
 "common",
 "cpu",
 "device",
 "dos",
 "machine",
 "machine60",
 "machine88",
 "machine88va",
 "machinefm7",
 "machinetowns",
 "machinex1",
 "sdl3",
 "sdl3_backend",
 "software_renderer",
 "text_extractor",
]

[[package]]
name = "nuked_sc55_oxide"
version = "0.1.0"
dependencies = [
 "common",
 "resampler",
]

[[package]]
name = "pkg-config"
version = "0.3.33"
source = "registry+https://github.com/rust-lang/crates.io-index"
checksum = "19f132c84eca552bf34cab8ec81f1c1dcc229b811638f9d283dceabe58c5569e"

[[package]]
name = "resampler"
version = "0.1.0"

[[package]]
name = "rpkg-config"
version = "0.1.2"
source = "registry+https://github.com/rust-lang/crates.io-index"
checksum = "5a2d2f3481209a6b42eec2fbb49063fb4e8d35b57023401495d4fe0f85c817f0"

[[package]]
name = "sdl3"
version = "0.1.0"
dependencies = [
 "sdl3-sys",
]

[[package]]
name = "sdl3-src"
version = "3.4.12"
source = "registry+https://github.com/rust-lang/crates.io-index"
checksum = "1f0adb191c684688f845f1dab6f5a2b36428885d01aa3afd7ec32faa3fb0b7ca"

[[package]]
name = "sdl3-sys"
version = "0.6.7+SDL-3.4.12"
source = "registry+https://github.com/rust-lang/crates.io-index"
checksum = "e89cde1ff23eb110e348da9b5be904381235163272a424938a2c99c86ea33041"
dependencies = [
 "cc",
 "cmake",
 "pkg-config",
 "rpkg-config",
 "sdl3-src",
 "vcpkg",
]

[[package]]
name = "sdl3_backend"
version = "0.1.0"
dependencies = [
 "common",
 "sdl3",
]

[[package]]
name = "shlex"
version = "2.0.1"
source = "registry+https://github.com/rust-lang/crates.io-index"
checksum = "f8fadd59c855ef2080decdef8ff161eb6661b86933c9d82e5ba29dc602a55aba"

[[package]]
name = "softfloat"
version = "0.1.0"

[[package]]
name = "software_renderer"
version = "0.1.0"
dependencies = [
 "common",
 "cpu",
 "machine",
 "software_renderer",
]

[[package]]
name = "text_extractor"
version = "0.1.0"
dependencies = [
 "common",
 "sdl3",
]

[[package]]
name = "vcpkg"
version = "0.2.15"
source = "registry+https://github.com/rust-lang/crates.io-index"
checksum = "accd4ea62f7bb7a82fe23066fb0957d48ef677f6eeb8215f372f52e48bb32426"

[[package]]
name = "ymfm_oxide"
version = "0.1.0"

[[package]]
name = "zlib-rs"
version = "0.6.5"
source = "registry+https://github.com/rust-lang/crates.io-index"
checksum = "5431d5661c32445236631278f27946e444ddafe4684cac70b185272d4f9c52d5"
